schema: vela.frontier_lock.v0.1
generated_at: 2026-07-16T14:07:45.145352000Z
vela_version: 0.800.19
frontier_id: vfr_0a25edabc16db143
canonicalization:
  json: vela-canonical-json-v0.1
  yaml: vela-yaml-v0.1
reducer:
  package: vela@0.800.19
  digest: sha256:dcf5e4fc77d906586028a085cc2837aec5495fb32d3b7c6a384a92102c8baa63
verifiers:
  package: vela-verify@0.800.19
  digest: sha256:ea73f7f7a807f869e43e9a4434fc1cc2d2b15b3c00b5030934bda553b7693cf5
  kinds:
  - balanced_coloring
  - binom_deficiency
  - binom_exception_enum
  - brocard_no_square
  - costas
  - crt_partial_cover
  - distinct_partial_sums
  - gf2_sidon
  - interval_product
  - kummer_no_carry
  - min_binom_gcd
  - powerful_triples_none
  - rook_directions
  - semiprime_egyptian
  - two_full_three_full
  - union_free
  - unit_fraction_decomp
  - unsat_cert
snapshot_hash: sha256:8877c4a27dd75ef8525566b0dd11b94ccd1ea00af95a204dc7b34a22a41d3125
event_log_hash: sha256:dea8bb4583376851a63587551205be3916c19cb28a609c8d81ba8321853cc6b3
proposal_state_hash: sha256:8d7eaa08e77d6e8b2d6bdbbc79962778e467535cd0c572fa6f5b5ab7446d89ce
sources_hash: sha256:a7498dfa9aa43c5309bdcfd67041ecd884ccb409d9b1804358185bd82a50646a
artifacts_hash: sha256:30b0464b441ac63b81db4dfd652478d8d292bdb4ec6882b420a715fb04672075
review_hash: sha256:4d2dea43f30482364752cf60a24d68ccc915b1f2aee6946f474a268a1e3968d3
proof_freshness: fresh
proof:
  latest: proof/latest.json
  digest: sha256:a1567fc616655dea86b6329a7908d9b1a35c57c863815273057867e6e251c9b4
  freshness: fresh
  events_manifest: proof/events.manifest.jsonl
  replay_trace: proof/replay.trace.jsonl
paths:
  frontier: frontier.json
  events: .vela/events/
dependencies:
- name: formal-conjectures-frontier
  source: vela.hub
  vfr_id: vfr_97d7d25957384f80
  locator: https://raw.githubusercontent.com/constellate-science/formal-conjectures-frontier/a143c351f8488e0c621598307e248373d9dc3374/frontier.json
  pinned_snapshot_hash: sha256:48ec4e84bb4640fa54023db58d7eabc6a713a46b053b6ccc3050414ab18520ec
